
Microsoft Visual Studio Solution File, Format Version 12.00
# Visual Studio Version 16
VisualStudioVersion = 16.0.29926.136
MinimumVisualStudioVersion = 10.0.40219.1
Project("{FAE04EC0-301F-11D3-BF4B-00C04F79EFBC}") = "Encrpter", "Encrpter\Encrpter.csproj", "{F8201536-FD9C-41A5-8995-ABC406292BEE}"
EndProject
Project("{FAE04EC0-301F-11D3-BF4B-00C04F79EFBC}") = "Test", "Test\Test.csproj", "{66E77C95-E069-46EA-BAA8-2FF27E3D4DF7}"
EndProject
Global
	GlobalSection(SolutionConfigurationPlatforms) = preSolution
		Debug|Any CPU = Debug|Any CPU
		Release|Any CPU = Release|Any CPU
	EndGlobalSection
	GlobalSection(ProjectConfigurationPlatforms) = postSolution
		{F8201536-FD9C-41A5-8995-ABC406292BEE}.Debug|Any CPU.ActiveCfg = Debug|Any CPU
		{F8201536-FD9C-41A5-8995-ABC406292BEE}.Debug|Any CPU.Build.0 = Debug|Any CPU
		{F8201536-FD9C-41A5-8995-ABC406292BEE}.Release|Any CPU.ActiveCfg = Release|Any CPU
		{F8201536-FD9C-41A5-8995-ABC406292BEE}.Release|Any CPU.Build.0 = Release|Any CPU
		{66E77C95-E069-46EA-BAA8-2FF27E3D4DF7}.Debug|Any CPU.ActiveCfg = Debug|Any CPU
		{66E77C95-E069-46EA-BAA8-2FF27E3D4DF7}.Debug|Any CPU.Build.0 = Debug|Any CPU
		{66E77C95-E069-46EA-BAA8-2FF27E3D4DF7}.Release|Any CPU.ActiveCfg = Release|Any CPU
		{66E77C95-E069-46EA-BAA8-2FF27E3D4DF7}.Release|Any CPU.Build.0 = Release|Any CPU
	EndGlobalSection
	GlobalSection(SolutionProperties) = preSolution
		HideSolutionNode = FALSE
	EndGlobalSection
	GlobalSection(ExtensibilityGlobals) = postSolution
		SolutionGuid = {F04A64E8-686B-4983-942D-13AB255DE2E7}
	EndGlobalSection
EndGlobal
